<Solution>
  <Project Path="CoureTech.Api/CoureTech.Api.csproj" />
  <Project Path="CoureTech.Application/CoureTech.Application.csproj" />
  <Project Path="CoureTech.Domain/CoureTech.Domain.csproj" />
  <Project Path="CoureTech.Infrastructure/CoureTech.Infrastructure.csproj" />
  <!--Project Path="CoureTech.Tests/CoureTech.Tests.csproj" />
</Solution>
